
Microsoft Visual Studio Solution File, Format Version 12.00
# Visual Studio 14
VisualStudioVersion = 14.0.25420.1
MinimumVisualStudioVersion = 10.0.40219.1
Project("{8BC9CEB8-8B4A-11D0-8D11-00A0C91BC942}") = "Bootstrap", "bootstrap\Bootstrap.vcxproj", "{AF59BB0B-E059-4773-83DC-728A949647DA}"
EndProject
Project("{8BC9CEB8-8B4A-11D0-8D11-00A0C91BC942}") = "Project2D", "Project2D\Project2D.vcxproj", "{3F428D0C-1CC8-47C3-818A-A3C2972C74C9}"
	ProjectSection(ProjectDependencies) = postProject
		{AF59BB0B-E059-4773-83DC-728A949647DA} = {AF59BB0B-E059-4773-83DC-728A949647DA}
	EndProjectSection
EndProject
Project("{8BC9CEB8-8B4A-11D0-8D11-00A0C91BC942}") = "Project3D", "Project3D\Project3D.vcxproj", "{EA21C4DF-E331-4FCF-8513-14A3F56B77F3}"
	ProjectSection(ProjectDependencies) = postProject
		{AF59BB0B-E059-4773-83DC-728A949647DA} = {AF59BB0B-E059-4773-83DC-728A949647DA}
	EndProjectSection
EndProject
Project("{8BC9CEB8-8B4A-11D0-8D11-00A0C91BC942}") = "week1_Agents", "week1_Agents\week1_Agents.vcxproj", "{DEA49362-B428-4215-8D64-4EA0B4FF0858}"
EndProject
Project("{8BC9CEB8-8B4A-11D0-8D11-00A0C91BC942}") = "week2_FiniteStateMachines", "week2_FiniteStateMachines\week2_FiniteStateMachines.vcxproj", "{BBBE00A5-03FB-4835-9454-A1AA110F4E74}"
EndProject
Project("{8BC9CEB8-8B4A-11D0-8D11-00A0C91BC942}") = "week3_SteeringBehaviours", "week3_SteeringBehaviours\week3_SteeringBehaviours.vcxproj", "{2E8E8712-E52C-4107-A1B0-32BF4B73B2FA}"
EndProject
Project("{8BC9CEB8-8B4A-11D0-8D11-00A0C91BC942}") = "week6_Pathfinding", "week6_Pathfinding\week6_Pathfinding.vcxproj", "{00822722-6FF3-4B06-BB23-1BCC93AE36A7}"
EndProject
Global
	GlobalSection(SolutionConfigurationPlatforms) = preSolution
		Debug|x86 = Debug|x86
		Release|x86 = Release|x86
	EndGlobalSection
	GlobalSection(ProjectConfigurationPlatforms) = postSolution
		{AF59BB0B-E059-4773-83DC-728A949647DA}.Debug|x86.ActiveCfg = Debug|Win32
		{AF59BB0B-E059-4773-83DC-728A949647DA}.Debug|x86.Build.0 = Debug|Win32
		{AF59BB0B-E059-4773-83DC-728A949647DA}.Release|x86.ActiveCfg = Release|Win32
		{AF59BB0B-E059-4773-83DC-728A949647DA}.Release|x86.Build.0 = Release|Win32
		{3F428D0C-1CC8-47C3-818A-A3C2972C74C9}.Debug|x86.ActiveCfg = Debug|Win32
		{3F428D0C-1CC8-47C3-818A-A3C2972C74C9}.Debug|x86.Build.0 = Debug|Win32
		{3F428D0C-1CC8-47C3-818A-A3C2972C74C9}.Release|x86.ActiveCfg = Release|Win32
		{3F428D0C-1CC8-47C3-818A-A3C2972C74C9}.Release|x86.Build.0 = Release|Win32
		{EA21C4DF-E331-4FCF-8513-14A3F56B77F3}.Debug|x86.ActiveCfg = Debug|Win32
		{EA21C4DF-E331-4FCF-8513-14A3F56B77F3}.Debug|x86.Build.0 = Debug|Win32
		{EA21C4DF-E331-4FCF-8513-14A3F56B77F3}.Release|x86.ActiveCfg = Release|Win32
		{EA21C4DF-E331-4FCF-8513-14A3F56B77F3}.Release|x86.Build.0 = Release|Win32
		{DEA49362-B428-4215-8D64-4EA0B4FF0858}.Debug|x86.ActiveCfg = Debug|Win32
		{DEA49362-B428-4215-8D64-4EA0B4FF0858}.Debug|x86.Build.0 = Debug|Win32
		{DEA49362-B428-4215-8D64-4EA0B4FF0858}.Release|x86.ActiveCfg = Release|Win32
		{DEA49362-B428-4215-8D64-4EA0B4FF0858}.Release|x86.Build.0 = Release|Win32
		{BBBE00A5-03FB-4835-9454-A1AA110F4E74}.Debug|x86.ActiveCfg = Debug|Win32
		{BBBE00A5-03FB-4835-9454-A1AA110F4E74}.Debug|x86.Build.0 = Debug|Win32
		{BBBE00A5-03FB-4835-9454-A1AA110F4E74}.Release|x86.ActiveCfg = Release|Win32
		{BBBE00A5-03FB-4835-9454-A1AA110F4E74}.Release|x86.Build.0 = Release|Win32
		{2E8E8712-E52C-4107-A1B0-32BF4B73B2FA}.Debug|x86.ActiveCfg = Debug|Win32
		{2E8E8712-E52C-4107-A1B0-32BF4B73B2FA}.Debug|x86.Build.0 = Debug|Win32
		{2E8E8712-E52C-4107-A1B0-32BF4B73B2FA}.Release|x86.ActiveCfg = Release|Win32
		{2E8E8712-E52C-4107-A1B0-32BF4B73B2FA}.Release|x86.Build.0 = Release|Win32
		{00822722-6FF3-4B06-BB23-1BCC93AE36A7}.Debug|x86.ActiveCfg = Debug|Win32
		{00822722-6FF3-4B06-BB23-1BCC93AE36A7}.Debug|x86.Build.0 = Debug|Win32
		{00822722-6FF3-4B06-BB23-1BCC93AE36A7}.Release|x86.ActiveCfg = Release|Win32
		{00822722-6FF3-4B06-BB23-1BCC93AE36A7}.Release|x86.Build.0 = Release|Win32
	EndGlobalSection
	GlobalSection(SolutionProperties) = preSolution
		HideSolutionNode = FALSE
	EndGlobalSection
EndGlobal
